PODS:
  - FBRemoteNibLoader (0.1.1):
    - SBYZipArchive (~> 0.3)
  - SBYZipArchive (0.3.2)

DEPENDENCIES:
  - FBRemoteNibLoader (from `../`)

EXTERNAL SOURCES:
  FBRemoteNibLoader:
    :path: ../

SPEC CHECKSUMS:
  FBRemoteNibLoader: 39a6576f8416e1520149151eb88c2b3d7d1ec093
  SBYZipArchive: 1ec82114f7f3ea6349d55e2de0b81097f85add5c

COCOAPODS: 0.34.4
