// !$*UTF8*$!
{
	archiveVersion = 1;
	classes = {
	};
	objectVersion = 46;
	objects = {

/* Begin PBXBuildFile section */
		B21F3D3219462A1D0043890E /* Foundation.framework in Frameworks */ = {isa = PBXBuildFile; fileRef = B21F3D3119462A1D0043890E /* Foundation.framework */; };
		B21F3D3419462A1D0043890E /* CoreGraphics.framework in Frameworks */ = {isa = PBXBuildFile; fileRef = B21F3D3319462A1D0043890E /* CoreGraphics.framework */; };
		B21F3D3619462A1D0043890E /* UIKit.framework in Frameworks */ = {isa = PBXBuildFile; fileRef = B21F3D3519462A1D0043890E /* UIKit.framework */; };
		B21F3D3C19462A1D0043890E /* InfoPlist.strings in Resources */ = {isa = PBXBuildFile; fileRef = B21F3D3A19462A1D0043890E /* InfoPlist.strings */; };
		B21F3D3E19462A1D0043890E /* main.m in Sources */ = {isa = PBXBuildFile; fileRef = B21F3D3D19462A1D0043890E /* main.m */; };
		B21F3D4219462A1D0043890E /* FBRemoteNibDemoAppDelegate.m in Sources */ = {isa = PBXBuildFile; fileRef = B21F3D4119462A1D0043890E /* FBRemoteNibDemoAppDelegate.m */; };
		B21F3D4519462A1D0043890E /* Main.storyboard in Resources */ = {isa = PBXBuildFile; fileRef = B21F3D4319462A1D0043890E /* Main.storyboard */; };
		B21F3D4819462A1D0043890E /* FBRemoteNibDemoViewController.m in Sources */ = {isa = PBXBuildFile; fileRef = B21F3D4719462A1D0043890E /* FBRemoteNibDemoViewController.m */; };
		B21F3D4A19462A1D0043890E /* Images.xcassets in Resources */ = {isa = PBXBuildFile; fileRef = B21F3D4919462A1D0043890E /* Images.xcassets */; };
		B21F3D5119462A1D0043890E /* XCTest.framework in Frameworks */ = {isa = PBXBuildFile; fileRef = B21F3D5019462A1D0043890E /* XCTest.framework */; };
		B21F3D5219462A1D0043890E /* Foundation.framework in Frameworks */ = {isa = PBXBuildFile; fileRef = B21F3D3119462A1D0043890E /* Foundation.framework */; };
		B21F3D5319462A1D0043890E /* UIKit.framework in Frameworks */ = {isa = PBXBuildFile; fileRef = B21F3D3519462A1D0043890E /* UIKit.framework */; };
		B21F3D5B19462A1D0043890E /* InfoPlist.strings in Resources */ = {isa = PBXBuildFile; fileRef = B21F3D5919462A1D0043890E /* InfoPlist.strings */; };
		B21F3D5D19462A1D0043890E /* FBRemoteNibLoaderDemoTests.m in Sources */ = {isa = PBXBuildFile; fileRef = B21F3D5C19462A1D0043890E /* FBRemoteNibLoaderDemoTests.m */; };
		B21F3D6A19462E290043890E /* FBRemoteNibDemoTestViewController.m in Sources */ = {isa = PBXBuildFile; fileRef = B21F3D6819462E290043890E /* FBRemoteNibDemoTestViewController.m */; };
		B21F3D6B19462E290043890E /* FBRemoteNibDemoTestViewController.xib in Resources */ = {isa = PBXBuildFile; fileRef = B21F3D6919462E290043890E /* FBRemoteNibDemoTestViewController.xib */; };
		B21F3D6E19463CE70043890E /* FBRemoteNibDemoTestViewController.xib.bin.zip in Resources */ = {isa = PBXBuildFile; fileRef = B21F3D6D19463CE70043890E /* FBRemoteNibDemoTestViewController.xib.bin.zip */; };
		BDCBDC2BE8B646088580CA37 /* libPods.a in Frameworks */ = {isa = PBXBuildFile; fileRef = 327E0888FF5445F5B02B575E /* libPods.a */; };
/* End PBXBuildFile section */

/* Begin PBXContainerItemProxy section */
		B21F3D5419462A1D0043890E /* PBXContainerItemProxy */ = {
			isa = PBXContainerItemProxy;
			containerPortal = B21F3D2619462A1D0043890E /* Project object */;
			proxyType = 1;
			remoteGlobalIDString = B21F3D2D19462A1D0043890E;
			remoteInfo = FBRemoteNibLoaderDemo;
		};
/* End PBXContainerItemProxy section */

/* Begin PBXFileReference section */
		327E0888FF5445F5B02B575E /* libPods.a */ = {isa = PBXFileReference; explicitFileType = archive.ar; includeInIndex = 0; path = libPods.a; sourceTree = BUILT_PRODUCTS_DIR; };
		97FF2690C994426E89C9C55A /* Pods.xcconfig */ = {isa = PBXFileReference; includeInIndex = 1; lastKnownFileType = text.xcconfig; name = Pods.xcconfig; path = Pods/Pods.xcconfig; sourceTree = "<group>"; };
		B21F3D2E19462A1D0043890E /* FBRemoteNibLoaderDemo.app */ = {isa = PBXFileReference; explicitFileType = wrapper.application; includeInIndex = 0; path = FBRemoteNibLoaderDemo.app; sourceTree = BUILT_PRODUCTS_DIR; };
		B21F3D3119462A1D0043890E /* Foundation.framework */ = {isa = PBXFileReference; lastKnownFileType = wrapper.framework; name = Foundation.framework; path = System/Library/Frameworks/Foundation.framework; sourceTree = SDKROOT; };
		B21F3D3319462A1D0043890E /* CoreGraphics.framework */ = {isa = PBXFileReference; lastKnownFileType = wrapper.framework; name = CoreGraphics.framework; path = System/Library/Frameworks/CoreGraphics.framework; sourceTree = SDKROOT; };
		B21F3D3519462A1D0043890E /* UIKit.framework */ = {isa = PBXFileReference; lastKnownFileType = wrapper.framework; name = UIKit.framework; path = System/Library/Frameworks/UIKit.framework; sourceTree = SDKROOT; };
		B21F3D3919462A1D0043890E /* FBRemoteNibLoaderDemo-Info.plist */ = {isa = PBXFileReference; lastKnownFileType = text.plist.xml; path = "FBRemoteNibLoaderDemo-Info.plist"; sourceTree = "<group>"; };
		B21F3D3B19462A1D0043890E /* en */ = {isa = PBXFileReference; lastKnownFileType = text.plist.strings; name = en; path = en.lproj/InfoPlist.strings; sourceTree = "<group>"; };
		B21F3D3D19462A1D0043890E /* main.m */ = {isa = PBXFileReference; lastKnownFileType = sourcecode.c.objc; path = main.m; sourceTree = "<group>"; };
		B21F3D3F19462A1D0043890E /* FBRemoteNibLoaderDemo-Prefix.pch */ = {isa = PBXFileReference; lastKnownFileType = sourcecode.c.h; path = "FBRemoteNibLoaderDemo-Prefix.pch"; sourceTree = "<group>"; };
		B21F3D4019462A1D0043890E /* FBRemoteNibDemoAppDelegate.h */ = {isa = PBXFileReference; lastKnownFileType = sourcecode.c.h; path = FBRemoteNibDemoAppDelegate.h; sourceTree = "<group>"; };
		B21F3D4119462A1D0043890E /* FBRemoteNibDemoAppDelegate.m */ = {isa = PBXFileReference; lastKnownFileType = sourcecode.c.objc; path = FBRemoteNibDemoAppDelegate.m; sourceTree = "<group>"; };
		B21F3D4419462A1D0043890E /* Base */ = {isa = PBXFileReference; lastKnownFileType = file.storyboard; name = Base; path = Base.lproj/Main.storyboard; sourceTree = "<group>"; };
		B21F3D4619462A1D0043890E /* FBRemoteNibDemoViewController.h */ = {isa = PBXFileReference; lastKnownFileType = sourcecode.c.h; path = FBRemoteNibDemoViewController.h; sourceTree = "<group>"; };
		B21F3D4719462A1D0043890E /* FBRemoteNibDemoViewController.m */ = {isa = PBXFileReference; lastKnownFileType = sourcecode.c.objc; path = FBRemoteNibDemoViewController.m; sourceTree = "<group>"; };
		B21F3D4919462A1D0043890E /* Images.xcassets */ = {isa = PBXFileReference; lastKnownFileType = folder.assetcatalog; path = Images.xcassets; sourceTree = "<group>"; };
		B21F3D4F19462A1D0043890E /* FBRemoteNibLoaderDemoTests.xctest */ = {isa = PBXFileReference; explicitFileType = wrapper.cfbundle; includeInIndex = 0; path = FBRemoteNibLoaderDemoTests.xctest; sourceTree = BUILT_PRODUCTS_DIR; };
		B21F3D5019462A1D0043890E /* XCTest.framework */ = {isa = PBXFileReference; lastKnownFileType = wrapper.framework; name = XCTest.framework; path = Library/Frameworks/XCTest.framework; sourceTree = DEVELOPER_DIR; };
		B21F3D5819462A1D0043890E /* FBRemoteNibLoaderDemoTests-Info.plist */ = {isa = PBXFileReference; lastKnownFileType = text.plist.xml; path = "FBRemoteNibLoaderDemoTests-Info.plist"; sourceTree = "<group>"; };
		B21F3D5A19462A1D0043890E /* en */ = {isa = PBXFileReference; lastKnownFileType = text.plist.strings; name = en; path = en.lproj/InfoPlist.strings; sourceTree = "<group>"; };
		B21F3D5C19462A1D0043890E /* FBRemoteNibLoaderDemoTests.m */ = {isa = PBXFileReference; lastKnownFileType = sourcecode.c.objc; path = FBRemoteNibLoaderDemoTests.m; sourceTree = "<group>"; };
		B21F3D6719462E290043890E /* FBRemoteNibDemoTestViewController.h */ = {isa = PBXFileReference; fileEncoding = 4; lastKnownFileType = sourcecode.c.h; path = FBRemoteNibDemoTestViewController.h; sourceTree = "<group>"; };
		B21F3D6819462E290043890E /* FBRemoteNibDemoTestViewController.m */ = {isa = PBXFileReference; fileEncoding = 4; lastKnownFileType = sourcecode.c.objc; path = FBRemoteNibDemoTestViewController.m; sourceTree = "<group>"; };
		B21F3D6919462E290043890E /* FBRemoteNibDemoTestViewController.xib */ = {isa = PBXFileReference; fileEncoding = 4; lastKnownFileType = file.xib; path = FBRemoteNibDemoTestViewController.xib; sourceTree = "<group>"; };
		B21F3D6D19463CE70043890E /* FBRemoteNibDemoTestViewController.xib.bin.zip */ = {isa = PBXFileReference; lastKnownFileType = archive.zip; path = FBRemoteNibDemoTestViewController.xib.bin.zip; sourceTree = "<group>"; };
/* End PBXFileReference section */

/* Begin PBXFrameworksBuildPhase section */
		B21F3D2B19462A1D0043890E /* Frameworks */ = {
			isa = PBXFrameworksBuildPhase;
			buildActionMask = 2147483647;
			files = (
				B21F3D3419462A1D0043890E /* CoreGraphics.framework in Frameworks */,
				B21F3D3619462A1D0043890E /* UIKit.framework in Frameworks */,
				B21F3D3219462A1D0043890E /* Foundation.framework in Frameworks */,
				BDCBDC2BE8B646088580CA37 /* libPods.a in Frameworks */,
			);
			runOnlyForDeploymentPostprocessing = 0;
		};
		B21F3D4C19462A1D0043890E /* Frameworks */ = {
			isa = PBXFrameworksBuildPhase;
			buildActionMask = 2147483647;
			files = (
				B21F3D5119462A1D0043890E /* XCTest.framework in Frameworks */,
				B21F3D5319462A1D0043890E /* UIKit.framework in Frameworks */,
				B21F3D5219462A1D0043890E /* Foundation.framework in Frameworks */,
			);
			runOnlyForDeploymentPostprocessing = 0;
		};
/* End PBXFrameworksBuildPhase section */

/* Begin PBXGroup section */
		B21F3D2519462A1D0043890E = {
			isa = PBXGroup;
			children = (
				B21F3D3719462A1D0043890E /* FBRemoteNibLoaderDemo */,
				B21F3D5619462A1D0043890E /* FBRemoteNibLoaderDemoTests */,
				B21F3D3019462A1D0043890E /* Frameworks */,
				B21F3D2F19462A1D0043890E /* Products */,
				97FF2690C994426E89C9C55A /* Pods.xcconfig */,
			);
			sourceTree = "<group>";
		};
		B21F3D2F19462A1D0043890E /* Products */ = {
			isa = PBXGroup;
			children = (
				B21F3D2E19462A1D0043890E /* FBRemoteNibLoaderDemo.app */,
				B21F3D4F19462A1D0043890E /* FBRemoteNibLoaderDemoTests.xctest */,
			);
			name = Products;
			sourceTree = "<group>";
		};
		B21F3D3019462A1D0043890E /* Frameworks */ = {
			isa = PBXGroup;
			children = (
				B21F3D3119462A1D0043890E /* Foundation.framework */,
				B21F3D3319462A1D0043890E /* CoreGraphics.framework */,
				B21F3D3519462A1D0043890E /* UIKit.framework */,
				B21F3D5019462A1D0043890E /* XCTest.framework */,
				327E0888FF5445F5B02B575E /* libPods.a */,
			);
			name = Frameworks;
			sourceTree = "<group>";
		};
		B21F3D3719462A1D0043890E /* FBRemoteNibLoaderDemo */ = {
			isa = PBXGroup;
			children = (
				B21F3D6619462E290043890E /* LocalNib */,
				B21F3D4019462A1D0043890E /* FBRemoteNibDemoAppDelegate.h */,
				B21F3D4119462A1D0043890E /* FBRemoteNibDemoAppDelegate.m */,
				B21F3D4319462A1D0043890E /* Main.storyboard */,
				B21F3D4619462A1D0043890E /* FBRemoteNibDemoViewController.h */,
				B21F3D4719462A1D0043890E /* FBRemoteNibDemoViewController.m */,
				B21F3D4919462A1D0043890E /* Images.xcassets */,
				B21F3D3819462A1D0043890E /* Supporting Files */,
			);
			path = FBRemoteNibLoaderDemo;
			sourceTree = "<group>";
		};
		B21F3D3819462A1D0043890E /* Supporting Files */ = {
			isa = PBXGroup;
			children = (
				B21F3D3919462A1D0043890E /* FBRemoteNibLoaderDemo-Info.plist */,
				B21F3D3A19462A1D0043890E /* InfoPlist.strings */,
				B21F3D3D19462A1D0043890E /* main.m */,
				B21F3D3F19462A1D0043890E /* FBRemoteNibLoaderDemo-Prefix.pch */,
			);
			name = "Supporting Files";
			sourceTree = "<group>";
		};
		B21F3D5619462A1D0043890E /* FBRemoteNibLoaderDemoTests */ = {
			isa = PBXGroup;
			children = (
				B21F3D5C19462A1D0043890E /* FBRemoteNibLoaderDemoTests.m */,
				B21F3D5719462A1D0043890E /* Supporting Files */,
			);
			path = FBRemoteNibLoaderDemoTests;
			sourceTree = "<group>";
		};
		B21F3D5719462A1D0043890E /* Supporting Files */ = {
			isa = PBXGroup;
			children = (
				B21F3D5819462A1D0043890E /* FBRemoteNibLoaderDemoTests-Info.plist */,
				B21F3D5919462A1D0043890E /* InfoPlist.strings */,
			);
			name = "Supporting Files";
			sourceTree = "<group>";
		};
		B21F3D6619462E290043890E /* LocalNib */ = {
			isa = PBXGroup;
			children = (
				B21F3D6C19463CE70043890E /* remote_nibs */,
				B21F3D6719462E290043890E /* FBRemoteNibDemoTestViewController.h */,
				B21F3D6819462E290043890E /* FBRemoteNibDemoTestViewController.m */,
				B21F3D6919462E290043890E /* FBRemoteNibDemoTestViewController.xib */,
			);
			path = LocalNib;
			sourceTree = "<group>";
		};
		B21F3D6C19463CE70043890E /* remote_nibs */ = {
			isa = PBXGroup;
			children = (
				B21F3D6D19463CE70043890E /* FBRemoteNibDemoTestViewController.xib.bin.zip */,
			);
			path = remote_nibs;
			sourceTree = "<group>";
		};
/* End PBXGroup section */

/* Begin PBXNativeTarget section */
		B21F3D2D19462A1D0043890E /* FBRemoteNibLoaderDemo */ = {
			isa = PBXNativeTarget;
			buildConfigurationList = B21F3D6019462A1D0043890E /* Build configuration list for PBXNativeTarget "FBRemoteNibLoaderDemo" */;
			buildPhases = (
				34C09E803128459699D40FA1 /* Check Pods Manifest.lock */,
				B21F3D2A19462A1D0043890E /* Sources */,
				B21F3D2B19462A1D0043890E /* Frameworks */,
				B21F3D2C19462A1D0043890E /* Resources */,
				44E01295F57C44AB81AFF2D7 /* Copy Pods Resources */,
			);
			buildRules = (
			);
			dependencies = (
			);
			name = FBRemoteNibLoaderDemo;
			productName = FBRemoteNibLoaderDemo;
			productReference = B21F3D2E19462A1D0043890E /* FBRemoteNibLoaderDemo.app */;
			productType = "com.apple.product-type.application";
		};
		B21F3D4E19462A1D0043890E /* FBRemoteNibLoaderDemoTests */ = {
			isa = PBXNativeTarget;
			buildConfigurationList = B21F3D6319462A1D0043890E /* Build configuration list for PBXNativeTarget "FBRemoteNibLoaderDemoTests" */;
			buildPhases = (
				B21F3D4B19462A1D0043890E /* Sources */,
				B21F3D4C19462A1D0043890E /* Frameworks */,
				B21F3D4D19462A1D0043890E /* Resources */,
			);
			buildRules = (
			);
			dependencies = (
				B21F3D5519462A1D0043890E /* PBXTargetDependency */,
			);
			name = FBRemoteNibLoaderDemoTests;
			productName = FBRemoteNibLoaderDemoTests;
			productReference = B21F3D4F19462A1D0043890E /* FBRemoteNibLoaderDemoTests.xctest */;
			productType = "com.apple.product-type.bundle.unit-test";
		};
/* End PBXNativeTarget section */

/* Begin PBXProject section */
		B21F3D2619462A1D0043890E /* Project object */ = {
			isa = PBXProject;
			attributes = {
				CLASSPREFIX = FB;
				LastUpgradeCheck = 0510;
				ORGANIZATIONNAME = "Felipe Baytelman";
				TargetAttributes = {
					B21F3D4E19462A1D0043890E = {
						TestTargetID = B21F3D2D19462A1D0043890E;
					};
				};
			};
			buildConfigurationList = B21F3D2919462A1D0043890E /* Build configuration list for PBXProject "FBRemoteNibLoaderDemo" */;
			compatibilityVersion = "Xcode 3.2";
			developmentRegion = English;
			hasScannedForEncodings = 0;
			knownRegions = (
				en,
				Base,
			);
			mainGroup = B21F3D2519462A1D0043890E;
			productRefGroup = B21F3D2F19462A1D0043890E /* Products */;
			projectDirPath = "";
			projectRoot = "";
			targets = (
				B21F3D2D19462A1D0043890E /* FBRemoteNibLoaderDemo */,
				B21F3D4E19462A1D0043890E /* FBRemoteNibLoaderDemoTests */,
			);
		};
/* End PBXProject section */

/* Begin PBXResourcesBuildPhase section */
		B21F3D2C19462A1D0043890E /* Resources */ = {
			isa = PBXResourcesBuildPhase;
			buildActionMask = 2147483647;
			files = (
				B21F3D6E19463CE70043890E /* FBRemoteNibDemoTestViewController.xib.bin.zip in Resources */,
				B21F3D4A19462A1D0043890E /* Images.xcassets in Resources */,
				B21F3D3C19462A1D0043890E /* InfoPlist.strings in Resources */,
				B21F3D4519462A1D0043890E /* Main.storyboard in Resources */,
				B21F3D6B19462E290043890E /* FBRemoteNibDemoTestViewController.xib in Resources */,
			);
			runOnlyForDeploymentPostprocessing = 0;
		};
		B21F3D4D19462A1D0043890E /* Resources */ = {
			isa = PBXResourcesBuildPhase;
			buildActionMask = 2147483647;
			files = (
				B21F3D5B19462A1D0043890E /* InfoPlist.strings in Resources */,
			);
			runOnlyForDeploymentPostprocessing = 0;
		};
/* End PBXResourcesBuildPhase section */

/* Begin PBXShellScriptBuildPhase section */
		34C09E803128459699D40FA1 /* Check Pods Manifest.lock */ = {
			isa = PBXShellScriptBuildPhase;
			buildActionMask = 2147483647;
			files = (
			);
			inputPaths = (
			);
			name = "Check Pods Manifest.lock";
			outputPaths = (
			);
			runOnlyForDeploymentPostprocessing = 0;
			shellPath = /bin/sh;
			shellScript = "diff \"${PODS_ROOT}/../Podfile.lock\" \"${PODS_ROOT}/Manifest.lock\" > /dev/null\nif [[ $? != 0 ]] ; then\n    cat << EOM\nerror: The sandbox is not in sync with the Podfile.lock. Run 'pod install' or update your CocoaPods installation.\nEOM\n    exit 1\nfi\n";
			showEnvVarsInLog = 0;
		};
		44E01295F57C44AB81AFF2D7 /* Copy Pods Resources */ = {
			isa = PBXShellScriptBuildPhase;
			buildActionMask = 2147483647;
			files = (
			);
			inputPaths = (
			);
			name = "Copy Pods Resources";
			outputPaths = (
			);
			runOnlyForDeploymentPostprocessing = 0;
			shellPath = /bin/sh;
			shellScript = "\"${SRCROOT}/Pods/Pods-resources.sh\"\n";
			showEnvVarsInLog = 0;
		};
/* End PBXShellScriptBuildPhase section */

/* Begin PBXSourcesBuildPhase section */
		B21F3D2A19462A1D0043890E /* Sources */ = {
			isa = PBXSourcesBuildPhase;
			buildActionMask = 2147483647;
			files = (
				B21F3D4219462A1D0043890E /* FBRemoteNibDemoAppDelegate.m in Sources */,
				B21F3D3E19462A1D0043890E /* main.m in Sources */,
				B21F3D4819462A1D0043890E /* FBRemoteNibDemoViewController.m in Sources */,
				B21F3D6A19462E290043890E /* FBRemoteNibDemoTestViewController.m in Sources */,
			);
			runOnlyForDeploymentPostprocessing = 0;
		};
		B21F3D4B19462A1D0043890E /* Sources */ = {
			isa = PBXSourcesBuildPhase;
			buildActionMask = 2147483647;
			files = (
				B21F3D5D19462A1D0043890E /* FBRemoteNibLoaderDemoTests.m in Sources */,
			);
			runOnlyForDeploymentPostprocessing = 0;
		};
/* End PBXSourcesBuildPhase section */

/* Begin PBXTargetDependency section */
		B21F3D5519462A1D0043890E /* PBXTargetDependency */ = {
			isa = PBXTargetDependency;
			target = B21F3D2D19462A1D0043890E /* FBRemoteNibLoaderDemo */;
			targetProxy = B21F3D5419462A1D0043890E /* PBXContainerItemProxy */;
		};
/* End PBXTargetDependency section */

/* Begin PBXVariantGroup section */
		B21F3D3A19462A1D0043890E /* InfoPlist.strings */ = {
			isa = PBXVariantGroup;
			children = (
				B21F3D3B19462A1D0043890E /* en */,
			);
			name = InfoPlist.strings;
			sourceTree = "<group>";
		};
		B21F3D4319462A1D0043890E /* Main.storyboard */ = {
			isa = PBXVariantGroup;
			children = (
				B21F3D4419462A1D0043890E /* Base */,
			);
			name = Main.storyboard;
			sourceTree = "<group>";
		};
		B21F3D5919462A1D0043890E /* InfoPlist.strings */ = {
			isa = PBXVariantGroup;
			children = (
				B21F3D5A19462A1D0043890E /* en */,
			);
			name = InfoPlist.strings;
			sourceTree = "<group>";
		};
/* End PBXVariantGroup section */

/* Begin XCBuildConfiguration section */
		B21F3D5E19462A1D0043890E /* Debug */ = {
			isa = XCBuildConfiguration;
			buildSettings = {
				ALWAYS_SEARCH_USER_PATHS = NO;
				CLANG_CXX_LANGUAGE_STANDARD = "gnu++0x";
				CLANG_CXX_LIBRARY = "libc++";
				CLANG_ENABLE_MODULES = YES;
				CLANG_ENABLE_OBJC_ARC = YES;
				CLANG_WARN_BOOL_CONVERSION = YES;
				CLANG_WARN_CONSTANT_CONVERSION = YES;
				CLANG_WARN_DIRECT_OBJC_ISA_USAGE = YES_ERROR;
				CLANG_WARN_EMPTY_BODY = YES;
				CLANG_WARN_ENUM_CONVERSION = YES;
				CLANG_WARN_INT_CONVERSION = YES;
				CLANG_WARN_OBJC_ROOT_CLASS = YES_ERROR;
				CLANG_WARN__DUPLICATE_METHOD_MATCH = YES;
				"CODE_SIGN_IDENTITY[sdk=iphoneos*]" = "iPhone Developer";
				COPY_PHASE_STRIP = NO;
				GCC_C_LANGUAGE_STANDARD = gnu99;
				GCC_DYNAMIC_NO_PIC = NO;
				GCC_OPTIMIZATION_LEVEL = 0;
				GCC_PREPROCESSOR_DEFINITIONS = (
					"DEBUG=1",
					"$(inherited)",
				);
				GCC_SYMBOLS_PRIVATE_EXTERN = NO;
				GCC_WARN_64_TO_32_BIT_CONVERSION = YES;
				GCC_WARN_ABOUT_RETURN_TYPE = YES_ERROR;
				GCC_WARN_UNDECLARED_SELECTOR = YES;
				GCC_WARN_UNINITIALIZED_AUTOS = YES_AGGRESSIVE;
				GCC_WARN_UNUSED_FUNCTION = YES;
				GCC_WARN_UNUSED_VARIABLE = YES;
				IPHONEOS_DEPLOYMENT_TARGET = 7.1;
				ONLY_ACTIVE_ARCH = YES;
				SDKROOT = iphoneos;
			};
			name = Debug;
		};
		B21F3D5F19462A1D0043890E /* Release */ = {
			isa = XCBuildConfiguration;
			buildSettings = {
				ALWAYS_SEARCH_USER_PATHS = NO;
				CLANG_CXX_LANGUAGE_STANDARD = "gnu++0x";
				CLANG_CXX_LIBRARY = "libc++";
				CLANG_ENABLE_MODULES = YES;
				CLANG_ENABLE_OBJC_ARC = YES;
				CLANG_WARN_BOOL_CONVERSION = YES;
				CLANG_WARN_CONSTANT_CONVERSION = YES;
				CLANG_WARN_DIRECT_OBJC_ISA_USAGE = YES_ERROR;
				CLANG_WARN_EMPTY_BODY = YES;
				CLANG_WARN_ENUM_CONVERSION = YES;
				CLANG_WARN_INT_CONVERSION = YES;
				CLANG_WARN_OBJC_ROOT_CLASS = YES_ERROR;
				CLANG_WARN__DUPLICATE_METHOD_MATCH = YES;
				"CODE_SIGN_IDENTITY[sdk=iphoneos*]" = "iPhone Developer";
				COPY_PHASE_STRIP = YES;
				ENABLE_NS_ASSERTIONS = NO;
				GCC_C_LANGUAGE_STANDARD = gnu99;
				GCC_WARN_64_TO_32_BIT_CONVERSION = YES;
				GCC_WARN_ABOUT_RETURN_TYPE = YES_ERROR;
				GCC_WARN_UNDECLARED_SELECTOR = YES;
				GCC_WARN_UNINITIALIZED_AUTOS = YES_AGGRESSIVE;
				GCC_WARN_UNUSED_FUNCTION = YES;
				GCC_WARN_UNUSED_VARIABLE = YES;
				IPHONEOS_DEPLOYMENT_TARGET = 7.1;
				SDKROOT = iphoneos;
				VALIDATE_PRODUCT = YES;
			};
			name = Release;
		};
		B21F3D6119462A1D0043890E /* Debug */ = {
			isa = XCBuildConfiguration;
			baseConfigurationReference = 97FF2690C994426E89C9C55A /* Pods.xcconfig */;
			buildSettings = {
				ASSETCATALOG_COMPILER_APPICON_NAME = AppIcon;
				ASSETCATALOG_COMPILER_LAUNCHIMAGE_NAME = LaunchImage;
				GCC_PRECOMPILE_PREFIX_HEADER = YES;
				GCC_PREFIX_HEADER = "FBRemoteNibLoaderDemo/FBRemoteNibLoaderDemo-Prefix.pch";
				INFOPLIST_FILE = "FBRemoteNibLoaderDemo/FBRemoteNibLoaderDemo-Info.plist";
				PRODUCT_NAME = "$(TARGET_NAME)";
				WRAPPER_EXTENSION = app;
			};
			name = Debug;
		};
		B21F3D6219462A1D0043890E /* Release */ = {
			isa = XCBuildConfiguration;
			baseConfigurationReference = 97FF2690C994426E89C9C55A /* Pods.xcconfig */;
			buildSettings = {
				ASSETCATALOG_COMPILER_APPICON_NAME = AppIcon;
				ASSETCATALOG_COMPILER_LAUNCHIMAGE_NAME = LaunchImage;
				GCC_PRECOMPILE_PREFIX_HEADER = YES;
				GCC_PREFIX_HEADER = "FBRemoteNibLoaderDemo/FBRemoteNibLoaderDemo-Prefix.pch";
				INFOPLIST_FILE = "FBRemoteNibLoaderDemo/FBRemoteNibLoaderDemo-Info.plist";
				PRODUCT_NAME = "$(TARGET_NAME)";
				WRAPPER_EXTENSION = app;
			};
			name = Release;
		};
		B21F3D6419462A1D0043890E /* Debug */ = {
			isa = XCBuildConfiguration;
			buildSettings = {
				BUNDLE_LOADER = "$(BUILT_PRODUCTS_DIR)/FBRemoteNibLoaderDemo.app/FBRemoteNibLoaderDemo";
				FRAMEWORK_SEARCH_PATHS = (
					"$(SDKROOT)/Developer/Library/Frameworks",
					"$(inherited)",
					"$(DEVELOPER_FRAMEWORKS_DIR)",
				);
				GCC_PRECOMPILE_PREFIX_HEADER = YES;
				GCC_PREFIX_HEADER = "FBRemoteNibLoaderDemo/FBRemoteNibLoaderDemo-Prefix.pch";
				GCC_PREPROCESSOR_DEFINITIONS = (
					"DEBUG=1",
					"$(inherited)",
				);
				INFOPLIST_FILE = "FBRemoteNibLoaderDemoTests/FBRemoteNibLoaderDemoTests-Info.plist";
				PRODUCT_NAME = "$(TARGET_NAME)";
				TEST_HOST = "$(BUNDLE_LOADER)";
				WRAPPER_EXTENSION = xctest;
			};
			name = Debug;
		};
		B21F3D6519462A1D0043890E /* Release */ = {
			isa = XCBuildConfiguration;
			buildSettings = {
				BUNDLE_LOADER = "$(BUILT_PRODUCTS_DIR)/FBRemoteNibLoaderDemo.app/FBRemoteNibLoaderDemo";
				FRAMEWORK_SEARCH_PATHS = (
					"$(SDKROOT)/Developer/Library/Frameworks",
					"$(inherited)",
					"$(DEVELOPER_FRAMEWORKS_DIR)",
				);
				GCC_PRECOMPILE_PREFIX_HEADER = YES;
				GCC_PREFIX_HEADER = "FBRemoteNibLoaderDemo/FBRemoteNibLoaderDemo-Prefix.pch";
				INFOPLIST_FILE = "FBRemoteNibLoaderDemoTests/FBRemoteNibLoaderDemoTests-Info.plist";
				PRODUCT_NAME = "$(TARGET_NAME)";
				TEST_HOST = "$(BUNDLE_LOADER)";
				WRAPPER_EXTENSION = xctest;
			};
			name = Release;
		};
/* End XCBuildConfiguration section */

/* Begin XCConfigurationList section */
		B21F3D2919462A1D0043890E /* Build configuration list for PBXProject "FBRemoteNibLoaderDemo" */ = {
			isa = XCConfigurationList;
			buildConfigurations = (
				B21F3D5E19462A1D0043890E /* Debug */,
				B21F3D5F19462A1D0043890E /* Release */,
			);
			defaultConfigurationIsVisible = 0;
			defaultConfigurationName = Release;
		};
		B21F3D6019462A1D0043890E /* Build configuration list for PBXNativeTarget "FBRemoteNibLoaderDemo" */ = {
			isa = XCConfigurationList;
			buildConfigurations = (
				B21F3D6119462A1D0043890E /* Debug */,
				B21F3D6219462A1D0043890E /* Release */,
			);
			defaultConfigurationIsVisible = 0;
			defaultConfigurationName = Release;
		};
		B21F3D6319462A1D0043890E /* Build configuration list for PBXNativeTarget "FBRemoteNibLoaderDemoTests" */ = {
			isa = XCConfigurationList;
			buildConfigurations = (
				B21F3D6419462A1D0043890E /* Debug */,
				B21F3D6519462A1D0043890E /* Release */,
			);
			defaultConfigurationIsVisible = 0;
			defaultConfigurationName = Release;
		};
/* End XCConfigurationList section */
	};
	rootObject = B21F3D2619462A1D0043890E /* Project object */;
}
