// !$*UTF8*$!
{
	archiveVersion = 1;
	classes = {
	};
	objectVersion = 46;
	objects = {

/* Begin PBXBuildFile section */
		6A0807C5D7264F4CA30F3F00 /* libPods.a in Frameworks */ = {isa = PBXBuildFile; fileRef = 48A30D8E597244739F75E4DB /* libPods.a */; };
		B20660BF1945AE6B008FC086 /* Foundation.framework in Frameworks */ = {isa = PBXBuildFile; fileRef = B20660BE1945AE6B008FC086 /* Foundation.framework */; };
		B20660C11945AE6B008FC086 /* CoreGraphics.framework in Frameworks */ = {isa = PBXBuildFile; fileRef = B20660C01945AE6B008FC086 /* CoreGraphics.framework */; };
		B20660C31945AE6B008FC086 /* UIKit.framework in Frameworks */ = {isa = PBXBuildFile; fileRef = B20660C21945AE6B008FC086 /* UIKit.framework */; };
		B20660C91945AE6B008FC086 /* InfoPlist.strings in Resources */ = {isa = PBXBuildFile; fileRef = B20660C71945AE6B008FC086 /* InfoPlist.strings */; };
		B20660CB1945AE6B008FC086 /* main.m in Sources */ = {isa = PBXBuildFile; fileRef = B20660CA1945AE6B008FC086 /* main.m */; };
		B20660CF1945AE6B008FC086 /* FBRemoteNibDemoAppDelegate.m in Sources */ = {isa = PBXBuildFile; fileRef = B20660CE1945AE6B008FC086 /* FBRemoteNibDemoAppDelegate.m */; };
		B20660D21945AE6B008FC086 /* Main.storyboard in Resources */ = {isa = PBXBuildFile; fileRef = B20660D01945AE6B008FC086 /* Main.storyboard */; };
		B20660D51945AE6B008FC086 /* FBRemoteNibDemoViewController.m in Sources */ = {isa = PBXBuildFile; fileRef = B20660D41945AE6B008FC086 /* FBRemoteNibDemoViewController.m */; };
		B20660D71945AE6B008FC086 /* Images.xcassets in Resources */ = {isa = PBXBuildFile; fileRef = B20660D61945AE6B008FC086 /* Images.xcassets */; };
		B20660DE1945AE6B008FC086 /* XCTest.framework in Frameworks */ = {isa = PBXBuildFile; fileRef = B20660DD1945AE6B008FC086 /* XCTest.framework */; };
		B20660DF1945AE6B008FC086 /* Foundation.framework in Frameworks */ = {isa = PBXBuildFile; fileRef = B20660BE1945AE6B008FC086 /* Foundation.framework */; };
		B20660E01945AE6B008FC086 /* UIKit.framework in Frameworks */ = {isa = PBXBuildFile; fileRef = B20660C21945AE6B008FC086 /* UIKit.framework */; };
		B20660E81945AE6B008FC086 /* InfoPlist.strings in Resources */ = {isa = PBXBuildFile; fileRef = B20660E61945AE6B008FC086 /* InfoPlist.strings */; };
		B20660EA1945AE6B008FC086 /* FBRemoteNibLoaderTests.m in Sources */ = {isa = PBXBuildFile; fileRef = B20660E91945AE6B008FC086 /* FBRemoteNibLoaderTests.m */; };
		B20660F61945AFA8008FC086 /* FBRemoteNibLoader.m in Sources */ = {isa = PBXBuildFile; fileRef = B20660F51945AFA8008FC086 /* FBRemoteNibLoader.m */; };
		B20660FB1945B1B7008FC086 /* FBRemoteNibDemoTestViewController.m in Sources */ = {isa = PBXBuildFile; fileRef = B20660F91945B1B7008FC086 /* FBRemoteNibDemoTestViewController.m */; };
		B20660FC1945B1B7008FC086 /* FBRemoteNibDemoTestViewController.xib in Resources */ = {isa = PBXBuildFile; fileRef = B20660FA1945B1B7008FC086 /* FBRemoteNibDemoTestViewController.xib */; };
/* End PBXBuildFile section */

/* Begin PBXContainerItemProxy section */
		B20660E11945AE6B008FC086 /* PBXContainerItemProxy */ = {
			isa = PBXContainerItemProxy;
			containerPortal = B20660B31945AE6B008FC086 /* Project object */;
			proxyType = 1;
			remoteGlobalIDString = B20660BA1945AE6B008FC086;
			remoteInfo = FBRemoteNibLoader;
		};
/* End PBXContainerItemProxy section */

/* Begin PBXFileReference section */
		06FE0C6D159D45C2A56A1DA6 /* Pods.xcconfig */ = {isa = PBXFileReference; includeInIndex = 1; lastKnownFileType = text.xcconfig; name = Pods.xcconfig; path = Pods/Pods.xcconfig; sourceTree = "<group>"; };
		48A30D8E597244739F75E4DB /* libPods.a */ = {isa = PBXFileReference; explicitFileType = archive.ar; includeInIndex = 0; path = libPods.a; sourceTree = BUILT_PRODUCTS_DIR; };
		B20660BB1945AE6B008FC086 /* FBRemoteNibLoader.app */ = {isa = PBXFileReference; explicitFileType = wrapper.application; includeInIndex = 0; path = FBRemoteNibLoader.app; sourceTree = BUILT_PRODUCTS_DIR; };
		B20660BE1945AE6B008FC086 /* Foundation.framework */ = {isa = PBXFileReference; lastKnownFileType = wrapper.framework; name = Foundation.framework; path = System/Library/Frameworks/Foundation.framework; sourceTree = SDKROOT; };
		B20660C01945AE6B008FC086 /* CoreGraphics.framework */ = {isa = PBXFileReference; lastKnownFileType = wrapper.framework; name = CoreGraphics.framework; path = System/Library/Frameworks/CoreGraphics.framework; sourceTree = SDKROOT; };
		B20660C21945AE6B008FC086 /* UIKit.framework */ = {isa = PBXFileReference; lastKnownFileType = wrapper.framework; name = UIKit.framework; path = System/Library/Frameworks/UIKit.framework; sourceTree = SDKROOT; };
		B20660C61945AE6B008FC086 /* FBRemoteNibLoader-Info.plist */ = {isa = PBXFileReference; lastKnownFileType = text.plist.xml; path = "FBRemoteNibLoader-Info.plist"; sourceTree = "<group>"; };
		B20660C81945AE6B008FC086 /* en */ = {isa = PBXFileReference; lastKnownFileType = text.plist.strings; name = en; path = en.lproj/InfoPlist.strings; sourceTree = "<group>"; };
		B20660CA1945AE6B008FC086 /* main.m */ = {isa = PBXFileReference; lastKnownFileType = sourcecode.c.objc; path = main.m; sourceTree = "<group>"; };
		B20660CC1945AE6B008FC086 /* FBRemoteNibLoader-Prefix.pch */ = {isa = PBXFileReference; lastKnownFileType = sourcecode.c.h; path = "FBRemoteNibLoader-Prefix.pch"; sourceTree = "<group>"; };
		B20660CD1945AE6B008FC086 /* FBRemoteNibDemoAppDelegate.h */ = {isa = PBXFileReference; lastKnownFileType = sourcecode.c.h; path = FBRemoteNibDemoAppDelegate.h; sourceTree = "<group>"; };
		B20660CE1945AE6B008FC086 /* FBRemoteNibDemoAppDelegate.m */ = {isa = PBXFileReference; lastKnownFileType = sourcecode.c.objc; path = FBRemoteNibDemoAppDelegate.m; sourceTree = "<group>"; };
		B20660D11945AE6B008FC086 /* Base */ = {isa = PBXFileReference; lastKnownFileType = file.storyboard; name = Base; path = Base.lproj/Main.storyboard; sourceTree = "<group>"; };
		B20660D31945AE6B008FC086 /* FBRemoteNibDemoViewController.h */ = {isa = PBXFileReference; lastKnownFileType = sourcecode.c.h; path = FBRemoteNibDemoViewController.h; sourceTree = "<group>"; };
		B20660D41945AE6B008FC086 /* FBRemoteNibDemoViewController.m */ = {isa = PBXFileReference; lastKnownFileType = sourcecode.c.objc; path = FBRemoteNibDemoViewController.m; sourceTree = "<group>"; };
		B20660D61945AE6B008FC086 /* Images.xcassets */ = {isa = PBXFileReference; lastKnownFileType = folder.assetcatalog; path = Images.xcassets; sourceTree = "<group>"; };
		B20660DC1945AE6B008FC086 /* FBRemoteNibLoaderTests.xctest */ = {isa = PBXFileReference; explicitFileType = wrapper.cfbundle; includeInIndex = 0; path = FBRemoteNibLoaderTests.xctest; sourceTree = BUILT_PRODUCTS_DIR; };
		B20660DD1945AE6B008FC086 /* XCTest.framework */ = {isa = PBXFileReference; lastKnownFileType = wrapper.framework; name = XCTest.framework; path = Library/Frameworks/XCTest.framework; sourceTree = DEVELOPER_DIR; };
		B20660E51945AE6B008FC086 /* FBRemoteNibLoaderTests-Info.plist */ = {isa = PBXFileReference; lastKnownFileType = text.plist.xml; path = "FBRemoteNibLoaderTests-Info.plist"; sourceTree = "<group>"; };
		B20660E71945AE6B008FC086 /* en */ = {isa = PBXFileReference; lastKnownFileType = text.plist.strings; name = en; path = en.lproj/InfoPlist.strings; sourceTree = "<group>"; };
		B20660E91945AE6B008FC086 /* FBRemoteNibLoaderTests.m */ = {isa = PBXFileReference; lastKnownFileType = sourcecode.c.objc; path = FBRemoteNibLoaderTests.m; sourceTree = "<group>"; };
		B20660F41945AFA8008FC086 /* FBRemoteNibLoader.h */ = {isa = PBXFileReference; fileEncoding = 4; lastKnownFileType = sourcecode.c.h; path = FBRemoteNibLoader.h; sourceTree = "<group>"; };
		B20660F51945AFA8008FC086 /* FBRemoteNibLoader.m */ = {isa = PBXFileReference; fileEncoding = 4; lastKnownFileType = sourcecode.c.objc; path = FBRemoteNibLoader.m; sourceTree = "<group>"; };
		B20660F71945B05A008FC086 /* FBDefines.h */ = {isa = PBXFileReference; fileEncoding = 4; lastKnownFileType = sourcecode.c.h; path = FBDefines.h; sourceTree = "<group>"; };
		B20660F81945B1B7008FC086 /* FBRemoteNibDemoTestViewController.h */ = {isa = PBXFileReference; fileEncoding = 4; lastKnownFileType = sourcecode.c.h; path = FBRemoteNibDemoTestViewController.h; sourceTree = "<group>"; };
		B20660F91945B1B7008FC086 /* FBRemoteNibDemoTestViewController.m */ = {isa = PBXFileReference; fileEncoding = 4; lastKnownFileType = sourcecode.c.objc; path = FBRemoteNibDemoTestViewController.m; sourceTree = "<group>"; };
		B20660FA1945B1B7008FC086 /* FBRemoteNibDemoTestViewController.xib */ = {isa = PBXFileReference; fileEncoding = 4; lastKnownFileType = file.xib; path = FBRemoteNibDemoTestViewController.xib; sourceTree = "<group>"; };
/* End PBXFileReference section */

/* Begin PBXFrameworksBuildPhase section */
		B20660B81945AE6B008FC086 /* Frameworks */ = {
			isa = PBXFrameworksBuildPhase;
			buildActionMask = 2147483647;
			files = (
				B20660C11945AE6B008FC086 /* CoreGraphics.framework in Frameworks */,
				B20660C31945AE6B008FC086 /* UIKit.framework in Frameworks */,
				B20660BF1945AE6B008FC086 /* Foundation.framework in Frameworks */,
				6A0807C5D7264F4CA30F3F00 /* libPods.a in Frameworks */,
			);
			runOnlyForDeploymentPostprocessing = 0;
		};
		B20660D91945AE6B008FC086 /* Frameworks */ = {
			isa = PBXFrameworksBuildPhase;
			buildActionMask = 2147483647;
			files = (
				B20660DE1945AE6B008FC086 /* XCTest.framework in Frameworks */,
				B20660E01945AE6B008FC086 /* UIKit.framework in Frameworks */,
				B20660DF1945AE6B008FC086 /* Foundation.framework in Frameworks */,
			);
			runOnlyForDeploymentPostprocessing = 0;
		};
/* End PBXFrameworksBuildPhase section */

/* Begin PBXGroup section */
		B20660B21945AE6B008FC086 = {
			isa = PBXGroup;
			children = (
				B20660C41945AE6B008FC086 /* FBRemoteNibLoader */,
				B20660E31945AE6B008FC086 /* FBRemoteNibLoaderTests */,
				B20660BD1945AE6B008FC086 /* Frameworks */,
				B20660BC1945AE6B008FC086 /* Products */,
				06FE0C6D159D45C2A56A1DA6 /* Pods.xcconfig */,
			);
			sourceTree = "<group>";
		};
		B20660BC1945AE6B008FC086 /* Products */ = {
			isa = PBXGroup;
			children = (
				B20660BB1945AE6B008FC086 /* FBRemoteNibLoader.app */,
				B20660DC1945AE6B008FC086 /* FBRemoteNibLoaderTests.xctest */,
			);
			name = Products;
			sourceTree = "<group>";
		};
		B20660BD1945AE6B008FC086 /* Frameworks */ = {
			isa = PBXGroup;
			children = (
				B20660BE1945AE6B008FC086 /* Foundation.framework */,
				B20660C01945AE6B008FC086 /* CoreGraphics.framework */,
				B20660C21945AE6B008FC086 /* UIKit.framework */,
				B20660DD1945AE6B008FC086 /* XCTest.framework */,
				48A30D8E597244739F75E4DB /* libPods.a */,
			);
			name = Frameworks;
			sourceTree = "<group>";
		};
		B20660C41945AE6B008FC086 /* FBRemoteNibLoader */ = {
			isa = PBXGroup;
			children = (
				B20660CD1945AE6B008FC086 /* FBRemoteNibDemoAppDelegate.h */,
				B20660CE1945AE6B008FC086 /* FBRemoteNibDemoAppDelegate.m */,
				B20660F81945B1B7008FC086 /* FBRemoteNibDemoTestViewController.h */,
				B20660F91945B1B7008FC086 /* FBRemoteNibDemoTestViewController.m */,
				B20660FA1945B1B7008FC086 /* FBRemoteNibDemoTestViewController.xib */,
				B20660D31945AE6B008FC086 /* FBRemoteNibDemoViewController.h */,
				B20660D41945AE6B008FC086 /* FBRemoteNibDemoViewController.m */,
				B20660F31945AFA8008FC086 /* FMRemoteNibLoader */,
				B20660D61945AE6B008FC086 /* Images.xcassets */,
				B20660D01945AE6B008FC086 /* Main.storyboard */,
				B20660C51945AE6B008FC086 /* Supporting Files */,
			);
			path = FBRemoteNibLoader;
			sourceTree = "<group>";
		};
		B20660C51945AE6B008FC086 /* Supporting Files */ = {
			isa = PBXGroup;
			children = (
				B20660C61945AE6B008FC086 /* FBRemoteNibLoader-Info.plist */,
				B20660C71945AE6B008FC086 /* InfoPlist.strings */,
				B20660CA1945AE6B008FC086 /* main.m */,
				B20660CC1945AE6B008FC086 /* FBRemoteNibLoader-Prefix.pch */,
			);
			name = "Supporting Files";
			sourceTree = "<group>";
		};
		B20660E31945AE6B008FC086 /* FBRemoteNibLoaderTests */ = {
			isa = PBXGroup;
			children = (
				B20660E91945AE6B008FC086 /* FBRemoteNibLoaderTests.m */,
				B20660E41945AE6B008FC086 /* Supporting Files */,
			);
			path = FBRemoteNibLoaderTests;
			sourceTree = "<group>";
		};
		B20660E41945AE6B008FC086 /* Supporting Files */ = {
			isa = PBXGroup;
			children = (
				B20660E51945AE6B008FC086 /* FBRemoteNibLoaderTests-Info.plist */,
				B20660E61945AE6B008FC086 /* InfoPlist.strings */,
			);
			name = "Supporting Files";
			sourceTree = "<group>";
		};
		B20660F31945AFA8008FC086 /* FMRemoteNibLoader */ = {
			isa = PBXGroup;
			children = (
				B20660F71945B05A008FC086 /* FBDefines.h */,
				B20660F41945AFA8008FC086 /* FBRemoteNibLoader.h */,
				B20660F51945AFA8008FC086 /* FBRemoteNibLoader.m */,
			);
			path = FMRemoteNibLoader;
			sourceTree = "<group>";
		};
/* End PBXGroup section */

/* Begin PBXNativeTarget section */
		B20660BA1945AE6B008FC086 /* FBRemoteNibLoader */ = {
			isa = PBXNativeTarget;
			buildConfigurationList = B20660ED1945AE6B008FC086 /* Build configuration list for PBXNativeTarget "FBRemoteNibLoader" */;
			buildPhases = (
				E9DA9A25E4F743678807F469 /* Check Pods Manifest.lock */,
				B20660B71945AE6B008FC086 /* Sources */,
				B20660B81945AE6B008FC086 /* Frameworks */,
				B20660B91945AE6B008FC086 /* Resources */,
				42E8EEF079564DF6A33D967E /* Copy Pods Resources */,
			);
			buildRules = (
			);
			dependencies = (
			);
			name = FBRemoteNibLoader;
			productName = FBRemoteNibLoader;
			productReference = B20660BB1945AE6B008FC086 /* FBRemoteNibLoader.app */;
			productType = "com.apple.product-type.application";
		};
		B20660DB1945AE6B008FC086 /* FBRemoteNibLoaderTests */ = {
			isa = PBXNativeTarget;
			buildConfigurationList = B20660F01945AE6B008FC086 /* Build configuration list for PBXNativeTarget "FBRemoteNibLoaderTests" */;
			buildPhases = (
				B20660D81945AE6B008FC086 /* Sources */,
				B20660D91945AE6B008FC086 /* Frameworks */,
				B20660DA1945AE6B008FC086 /* Resources */,
			);
			buildRules = (
			);
			dependencies = (
				B20660E21945AE6B008FC086 /* PBXTargetDependency */,
			);
			name = FBRemoteNibLoaderTests;
			productName = FBRemoteNibLoaderTests;
			productReference = B20660DC1945AE6B008FC086 /* FBRemoteNibLoaderTests.xctest */;
			productType = "com.apple.product-type.bundle.unit-test";
		};
/* End PBXNativeTarget section */

/* Begin PBXProject section */
		B20660B31945AE6B008FC086 /* Project object */ = {
			isa = PBXProject;
			attributes = {
				CLASSPREFIX = FB;
				LastUpgradeCheck = 0510;
				ORGANIZATIONNAME = "Felipe Baytelman";
				TargetAttributes = {
					B20660DB1945AE6B008FC086 = {
						TestTargetID = B20660BA1945AE6B008FC086;
					};
				};
			};
			buildConfigurationList = B20660B61945AE6B008FC086 /* Build configuration list for PBXProject "FBRemoteNibLoader" */;
			compatibilityVersion = "Xcode 3.2";
			developmentRegion = English;
			hasScannedForEncodings = 0;
			knownRegions = (
				en,
				Base,
			);
			mainGroup = B20660B21945AE6B008FC086;
			productRefGroup = B20660BC1945AE6B008FC086 /* Products */;
			projectDirPath = "";
			projectRoot = "";
			targets = (
				B20660BA1945AE6B008FC086 /* FBRemoteNibLoader */,
				B20660DB1945AE6B008FC086 /* FBRemoteNibLoaderTests */,
			);
		};
/* End PBXProject section */

/* Begin PBXResourcesBuildPhase section */
		B20660B91945AE6B008FC086 /* Resources */ = {
			isa = PBXResourcesBuildPhase;
			buildActionMask = 2147483647;
			files = (
				B20660D71945AE6B008FC086 /* Images.xcassets in Resources */,
				B20660C91945AE6B008FC086 /* InfoPlist.strings in Resources */,
				B20660D21945AE6B008FC086 /* Main.storyboard in Resources */,
				B20660FC1945B1B7008FC086 /* FBRemoteNibDemoTestViewController.xib in Resources */,
			);
			runOnlyForDeploymentPostprocessing = 0;
		};
		B20660DA1945AE6B008FC086 /* Resources */ = {
			isa = PBXResourcesBuildPhase;
			buildActionMask = 2147483647;
			files = (
				B20660E81945AE6B008FC086 /* InfoPlist.strings in Resources */,
			);
			runOnlyForDeploymentPostprocessing = 0;
		};
/* End PBXResourcesBuildPhase section */

/* Begin PBXShellScriptBuildPhase section */
		42E8EEF079564DF6A33D967E /* Copy Pods Resources */ = {
			isa = PBXShellScriptBuildPhase;
			buildActionMask = 2147483647;
			files = (
			);
			inputPaths = (
			);
			name = "Copy Pods Resources";
			outputPaths = (
			);
			runOnlyForDeploymentPostprocessing = 0;
			shellPath = /bin/sh;
			shellScript = "\"${SRCROOT}/Pods/Pods-resources.sh\"\n";
			showEnvVarsInLog = 0;
		};
		E9DA9A25E4F743678807F469 /* Check Pods Manifest.lock */ = {
			isa = PBXShellScriptBuildPhase;
			buildActionMask = 2147483647;
			files = (
			);
			inputPaths = (
			);
			name = "Check Pods Manifest.lock";
			outputPaths = (
			);
			runOnlyForDeploymentPostprocessing = 0;
			shellPath = /bin/sh;
			shellScript = "diff \"${PODS_ROOT}/../Podfile.lock\" \"${PODS_ROOT}/Manifest.lock\" > /dev/null\nif [[ $? != 0 ]] ; then\n    cat << EOM\nerror: The sandbox is not in sync with the Podfile.lock. Run 'pod install' or update your CocoaPods installation.\nEOM\n    exit 1\nfi\n";
			showEnvVarsInLog = 0;
		};
/* End PBXShellScriptBuildPhase section */

/* Begin PBXSourcesBuildPhase section */
		B20660B71945AE6B008FC086 /* Sources */ = {
			isa = PBXSourcesBuildPhase;
			buildActionMask = 2147483647;
			files = (
				B20660CF1945AE6B008FC086 /* FBRemoteNibDemoAppDelegate.m in Sources */,
				B20660CB1945AE6B008FC086 /* main.m in Sources */,
				B20660F61945AFA8008FC086 /* FBRemoteNibLoader.m in Sources */,
				B20660D51945AE6B008FC086 /* FBRemoteNibDemoViewController.m in Sources */,
				B20660FB1945B1B7008FC086 /* FBRemoteNibDemoTestViewController.m in Sources */,
			);
			runOnlyForDeploymentPostprocessing = 0;
		};
		B20660D81945AE6B008FC086 /* Sources */ = {
			isa = PBXSourcesBuildPhase;
			buildActionMask = 2147483647;
			files = (
				B20660EA1945AE6B008FC086 /* FBRemoteNibLoaderTests.m in Sources */,
			);
			runOnlyForDeploymentPostprocessing = 0;
		};
/* End PBXSourcesBuildPhase section */

/* Begin PBXTargetDependency section */
		B20660E21945AE6B008FC086 /* PBXTargetDependency */ = {
			isa = PBXTargetDependency;
			target = B20660BA1945AE6B008FC086 /* FBRemoteNibLoader */;
			targetProxy = B20660E11945AE6B008FC086 /* PBXContainerItemProxy */;
		};
/* End PBXTargetDependency section */

/* Begin PBXVariantGroup section */
		B20660C71945AE6B008FC086 /* InfoPlist.strings */ = {
			isa = PBXVariantGroup;
			children = (
				B20660C81945AE6B008FC086 /* en */,
			);
			name = InfoPlist.strings;
			sourceTree = "<group>";
		};
		B20660D01945AE6B008FC086 /* Main.storyboard */ = {
			isa = PBXVariantGroup;
			children = (
				B20660D11945AE6B008FC086 /* Base */,
			);
			name = Main.storyboard;
			sourceTree = "<group>";
		};
		B20660E61945AE6B008FC086 /* InfoPlist.strings */ = {
			isa = PBXVariantGroup;
			children = (
				B20660E71945AE6B008FC086 /* en */,
			);
			name = InfoPlist.strings;
			sourceTree = "<group>";
		};
/* End PBXVariantGroup section */

/* Begin XCBuildConfiguration section */
		B20660EB1945AE6B008FC086 /* Debug */ = {
			isa = XCBuildConfiguration;
			buildSettings = {
				ALWAYS_SEARCH_USER_PATHS = NO;
				CLANG_CXX_LANGUAGE_STANDARD = "gnu++0x";
				CLANG_CXX_LIBRARY = "libc++";
				CLANG_ENABLE_MODULES = YES;
				CLANG_ENABLE_OBJC_ARC = YES;
				CLANG_WARN_BOOL_CONVERSION = YES;
				CLANG_WARN_CONSTANT_CONVERSION = YES;
				CLANG_WARN_DIRECT_OBJC_ISA_USAGE = YES_ERROR;
				CLANG_WARN_EMPTY_BODY = YES;
				CLANG_WARN_ENUM_CONVERSION = YES;
				CLANG_WARN_INT_CONVERSION = YES;
				CLANG_WARN_OBJC_ROOT_CLASS = YES_ERROR;
				CLANG_WARN__DUPLICATE_METHOD_MATCH = YES;
				"CODE_SIGN_IDENTITY[sdk=iphoneos*]" = "iPhone Developer";
				COPY_PHASE_STRIP = NO;
				GCC_C_LANGUAGE_STANDARD = gnu99;
				GCC_DYNAMIC_NO_PIC = NO;
				GCC_OPTIMIZATION_LEVEL = 0;
				GCC_PREPROCESSOR_DEFINITIONS = (
					"DEBUG=1",
					"$(inherited)",
				);
				GCC_SYMBOLS_PRIVATE_EXTERN = NO;
				GCC_WARN_64_TO_32_BIT_CONVERSION = YES;
				GCC_WARN_ABOUT_RETURN_TYPE = YES_ERROR;
				GCC_WARN_UNDECLARED_SELECTOR = YES;
				GCC_WARN_UNINITIALIZED_AUTOS = YES_AGGRESSIVE;
				GCC_WARN_UNUSED_FUNCTION = YES;
				GCC_WARN_UNUSED_VARIABLE = YES;
				IPHONEOS_DEPLOYMENT_TARGET = 7.1;
				ONLY_ACTIVE_ARCH = YES;
				SDKROOT = iphoneos;
			};
			name = Debug;
		};
		B20660EC1945AE6B008FC086 /* Release */ = {
			isa = XCBuildConfiguration;
			buildSettings = {
				ALWAYS_SEARCH_USER_PATHS = NO;
				CLANG_CXX_LANGUAGE_STANDARD = "gnu++0x";
				CLANG_CXX_LIBRARY = "libc++";
				CLANG_ENABLE_MODULES = YES;
				CLANG_ENABLE_OBJC_ARC = YES;
				CLANG_WARN_BOOL_CONVERSION = YES;
				CLANG_WARN_CONSTANT_CONVERSION = YES;
				CLANG_WARN_DIRECT_OBJC_ISA_USAGE = YES_ERROR;
				CLANG_WARN_EMPTY_BODY = YES;
				CLANG_WARN_ENUM_CONVERSION = YES;
				CLANG_WARN_INT_CONVERSION = YES;
				CLANG_WARN_OBJC_ROOT_CLASS = YES_ERROR;
				CLANG_WARN__DUPLICATE_METHOD_MATCH = YES;
				"CODE_SIGN_IDENTITY[sdk=iphoneos*]" = "iPhone Developer";
				COPY_PHASE_STRIP = YES;
				ENABLE_NS_ASSERTIONS = NO;
				GCC_C_LANGUAGE_STANDARD = gnu99;
				GCC_WARN_64_TO_32_BIT_CONVERSION = YES;
				GCC_WARN_ABOUT_RETURN_TYPE = YES_ERROR;
				GCC_WARN_UNDECLARED_SELECTOR = YES;
				GCC_WARN_UNINITIALIZED_AUTOS = YES_AGGRESSIVE;
				GCC_WARN_UNUSED_FUNCTION = YES;
				GCC_WARN_UNUSED_VARIABLE = YES;
				IPHONEOS_DEPLOYMENT_TARGET = 7.1;
				SDKROOT = iphoneos;
				VALIDATE_PRODUCT = YES;
			};
			name = Release;
		};
		B20660EE1945AE6B008FC086 /* Debug */ = {
			isa = XCBuildConfiguration;
			baseConfigurationReference = 06FE0C6D159D45C2A56A1DA6 /* Pods.xcconfig */;
			buildSettings = {
				ASSETCATALOG_COMPILER_APPICON_NAME = AppIcon;
				ASSETCATALOG_COMPILER_LAUNCHIMAGE_NAME = LaunchImage;
				GCC_PRECOMPILE_PREFIX_HEADER = YES;
				GCC_PREFIX_HEADER = "FBRemoteNibLoader/FBRemoteNibLoader-Prefix.pch";
				INFOPLIST_FILE = "FBRemoteNibLoader/FBRemoteNibLoader-Info.plist";
				PRODUCT_NAME = "$(TARGET_NAME)";
				WRAPPER_EXTENSION = app;
			};
			name = Debug;
		};
		B20660EF1945AE6B008FC086 /* Release */ = {
			isa = XCBuildConfiguration;
			baseConfigurationReference = 06FE0C6D159D45C2A56A1DA6 /* Pods.xcconfig */;
			buildSettings = {
				ASSETCATALOG_COMPILER_APPICON_NAME = AppIcon;
				ASSETCATALOG_COMPILER_LAUNCHIMAGE_NAME = LaunchImage;
				GCC_PRECOMPILE_PREFIX_HEADER = YES;
				GCC_PREFIX_HEADER = "FBRemoteNibLoader/FBRemoteNibLoader-Prefix.pch";
				INFOPLIST_FILE = "FBRemoteNibLoader/FBRemoteNibLoader-Info.plist";
				PRODUCT_NAME = "$(TARGET_NAME)";
				WRAPPER_EXTENSION = app;
			};
			name = Release;
		};
		B20660F11945AE6B008FC086 /* Debug */ = {
			isa = XCBuildConfiguration;
			buildSettings = {
				BUNDLE_LOADER = "$(BUILT_PRODUCTS_DIR)/FBRemoteNibLoader.app/FBRemoteNibLoader";
				FRAMEWORK_SEARCH_PATHS = (
					"$(SDKROOT)/Developer/Library/Frameworks",
					"$(inherited)",
					"$(DEVELOPER_FRAMEWORKS_DIR)",
				);
				GCC_PRECOMPILE_PREFIX_HEADER = YES;
				GCC_PREFIX_HEADER = "FBRemoteNibLoader/FBRemoteNibLoader-Prefix.pch";
				GCC_PREPROCESSOR_DEFINITIONS = (
					"DEBUG=1",
					"$(inherited)",
				);
				INFOPLIST_FILE = "FBRemoteNibLoaderTests/FBRemoteNibLoaderTests-Info.plist";
				PRODUCT_NAME = "$(TARGET_NAME)";
				TEST_HOST = "$(BUNDLE_LOADER)";
				WRAPPER_EXTENSION = xctest;
			};
			name = Debug;
		};
		B20660F21945AE6B008FC086 /* Release */ = {
			isa = XCBuildConfiguration;
			buildSettings = {
				BUNDLE_LOADER = "$(BUILT_PRODUCTS_DIR)/FBRemoteNibLoader.app/FBRemoteNibLoader";
				FRAMEWORK_SEARCH_PATHS = (
					"$(SDKROOT)/Developer/Library/Frameworks",
					"$(inherited)",
					"$(DEVELOPER_FRAMEWORKS_DIR)",
				);
				GCC_PRECOMPILE_PREFIX_HEADER = YES;
				GCC_PREFIX_HEADER = "FBRemoteNibLoader/FBRemoteNibLoader-Prefix.pch";
				INFOPLIST_FILE = "FBRemoteNibLoaderTests/FBRemoteNibLoaderTests-Info.plist";
				PRODUCT_NAME = "$(TARGET_NAME)";
				TEST_HOST = "$(BUNDLE_LOADER)";
				WRAPPER_EXTENSION = xctest;
			};
			name = Release;
		};
/* End XCBuildConfiguration section */

/* Begin XCConfigurationList section */
		B20660B61945AE6B008FC086 /* Build configuration list for PBXProject "FBRemoteNibLoader" */ = {
			isa = XCConfigurationList;
			buildConfigurations = (
				B20660EB1945AE6B008FC086 /* Debug */,
				B20660EC1945AE6B008FC086 /* Release */,
			);
			defaultConfigurationIsVisible = 0;
			defaultConfigurationName = Release;
		};
		B20660ED1945AE6B008FC086 /* Build configuration list for PBXNativeTarget "FBRemoteNibLoader" */ = {
			isa = XCConfigurationList;
			buildConfigurations = (
				B20660EE1945AE6B008FC086 /* Debug */,
				B20660EF1945AE6B008FC086 /* Release */,
			);
			defaultConfigurationIsVisible = 0;
			defaultConfigurationName = Release;
		};
		B20660F01945AE6B008FC086 /* Build configuration list for PBXNativeTarget "FBRemoteNibLoaderTests" */ = {
			isa = XCConfigurationList;
			buildConfigurations = (
				B20660F11945AE6B008FC086 /* Debug */,
				B20660F21945AE6B008FC086 /* Release */,
			);
			defaultConfigurationIsVisible = 0;
			defaultConfigurationName = Release;
		};
/* End XCConfigurationList section */
	};
	rootObject = B20660B31945AE6B008FC086 /* Project object */;
}
